// !$*UTF8*$!
{
	archiveVersion = 1;
	classes = {
	};
	objectVersion = 46;
	objects = {

/* Begin PBXBuildFile section */
		9C38666B1ECF4D93002CF5C2 /* AppDelegate.swift in Sources */ = {isa = PBXBuildFile; fileRef = 9C38666A1ECF4D93002CF5C2 /* AppDelegate.swift */; };
		9C38666D1ECF4D93002CF5C2 /* ViewController.swift in Sources */ = {isa = PBXBuildFile; fileRef = 9C38666C1ECF4D93002CF5C2 /* ViewController.swift */; };
		9C3866701ECF4D93002CF5C2 /* Main.storyboard in Resources */ = {isa = PBXBuildFile; fileRef = 9C38666E1ECF4D93002CF5C2 /* Main.storyboard */; };
		9C3866721ECF4D93002CF5C2 /* Assets.xcassets in Resources */ = {isa = PBXBuildFile; fileRef = 9C3866711ECF4D93002CF5C2 /* Assets.xcassets */; };
		9C3866751ECF4D93002CF5C2 /* LaunchScreen.storyboard in Resources */ = {isa = PBXBuildFile; fileRef = 9C3866731ECF4D93002CF5C2 /* LaunchScreen.storyboard */; };
		9C3866831ECF4E4F002CF5C2 /* ActionViewController.swift in Sources */ = {isa = PBXBuildFile; fileRef = 9C3866821ECF4E4F002CF5C2 /* ActionViewController.swift */; };
		9C3866861ECF4E4F002CF5C2 /* MainInterface.storyboard in Resources */ = {isa = PBXBuildFile; fileRef = 9C3866841ECF4E4F002CF5C2 /* MainInterface.storyboard */; };
		9C38668A1ECF4E4F002CF5C2 /* Extension.appex in Embed App Extensions */ = {isa = PBXBuildFile; fileRef = 9C3866801ECF4E4F002CF5C2 /* Extension.appex */; settings = {ATTRIBUTES = (RemoveHeadersOnCopy, ); }; };
/* End PBXBuildFile section */

/* Begin PBXContainerItemProxy section */
		9C3866881ECF4E4F002CF5C2 /* PBXContainerItemProxy */ = {
			isa = PBXContainerItemProxy;
			containerPortal = 9C38665F1ECF4D93002CF5C2 /* Project object */;
			proxyType = 1;
			remoteGlobalIDString = 9C38667F1ECF4E4F002CF5C2;
			remoteInfo = Extension;
		};
/* End PBXContainerItemProxy section */

/* Begin PBXCopyFilesBuildPhase section */
		9C38668E1ECF4E4F002CF5C2 /* Embed App Extensions */ = {
			isa = PBXCopyFilesBuildPhase;
			buildActionMask = 2147483647;
			dstPath = "";
			dstSubfolderSpec = 13;
			files = (
				9C38668A1ECF4E4F002CF5C2 /* Extension.appex in Embed App Extensions */,
			);
			name = "Embed App Extensions";
			runOnlyForDeploymentPostprocessing = 0;
		};
/* End PBXCopyFilesBuildPhase section */

/* Begin PBXFileReference section */
		9C3866671ECF4D93002CF5C2 /* SafariExtension.app */ = {isa = PBXFileReference; explicitFileType = wrapper.application; includeInIndex = 0; path = SafariExtension.app; sourceTree = BUILT_PRODUCTS_DIR; };
		9C38666A1ECF4D93002CF5C2 /* AppDelegate.swift */ = {isa = PBXFileReference; lastKnownFileType = sourcecode.swift; path = AppDelegate.swift; sourceTree = "<group>"; };
		9C38666C1ECF4D93002CF5C2 /* ViewController.swift */ = {isa = PBXFileReference; lastKnownFileType = sourcecode.swift; path = ViewController.swift; sourceTree = "<group>"; };
		9C38666F1ECF4D93002CF5C2 /* Base */ = {isa = PBXFileReference; lastKnownFileType = file.storyboard; name = Base; path = Base.lproj/Main.storyboard; sourceTree = "<group>"; };
		9C3866711ECF4D93002CF5C2 /* Assets.xcassets */ = {isa = PBXFileReference; lastKnownFileType = folder.assetcatalog; path = Assets.xcassets; sourceTree = "<group>"; };
		9C3866741ECF4D93002CF5C2 /* Base */ = {isa = PBXFileReference; lastKnownFileType = file.storyboard; name = Base; path = Base.lproj/LaunchScreen.storyboard; sourceTree = "<group>"; };
		9C3866761ECF4D93002CF5C2 /* Info.plist */ = {isa = PBXFileReference; lastKnownFileType = text.plist.xml; path = Info.plist; sourceTree = "<group>"; };
		9C3866801ECF4E4F002CF5C2 /* Extension.appex */ = {isa = PBXFileReference; explicitFileType = "wrapper.app-extension"; includeInIndex = 0; path = Extension.appex; sourceTree = BUILT_PRODUCTS_DIR; };
		9C3866821ECF4E4F002CF5C2 /* ActionViewController.swift */ = {isa = PBXFileReference; lastKnownFileType = sourcecode.swift; path = ActionViewController.swift; sourceTree = "<group>"; };
		9C3866851ECF4E4F002CF5C2 /* Base */ = {isa = PBXFileReference; lastKnownFileType = file.storyboard; name = Base; path = Base.lproj/MainInterface.storyboard; sourceTree = "<group>"; };
		9C3866871ECF4E4F002CF5C2 /* Info.plist */ = {isa = PBXFileReference; lastKnownFileType = text.plist.xml; path = Info.plist; sourceTree = "<group>"; };
/* End PBXFileReference section */

/* Begin PBXFrameworksBuildPhase section */
		9C3866641ECF4D93002CF5C2 /* Frameworks */ = {
			isa = PBXFrameworksBuildPhase;
			buildActionMask = 2147483647;
			files = (
			);
			runOnlyForDeploymentPostprocessing = 0;
		};
		9C38667D1ECF4E4F002CF5C2 /* Frameworks */ = {
			isa = PBXFrameworksBuildPhase;
			buildActionMask = 2147483647;
			files = (
			);
			runOnlyForDeploymentPostprocessing = 0;
		};
/* End PBXFrameworksBuildPhase section */

/* Begin PBXGroup section */
		9C38665E1ECF4D93002CF5C2 = {
			isa = PBXGroup;
			children = (
				9C3866691ECF4D93002CF5C2 /* SafariExtension */,
				9C3866811ECF4E4F002CF5C2 /* Extension */,
				9C3866681ECF4D93002CF5C2 /* Products */,
			);
			sourceTree = "<group>";
		};
		9C3866681ECF4D93002CF5C2 /* Products */ = {
			isa = PBXGroup;
			children = (
				9C3866671ECF4D93002CF5C2 /* SafariExtension.app */,
				9C3866801ECF4E4F002CF5C2 /* Extension.appex */,
			);
			name = Products;
			sourceTree = "<group>";
		};
		9C3866691ECF4D93002CF5C2 /* SafariExtension */ = {
			isa = PBXGroup;
			children = (
				9C38666A1ECF4D93002CF5C2 /* AppDelegate.swift */,
				9C38666C1ECF4D93002CF5C2 /* ViewController.swift */,
				9C38666E1ECF4D93002CF5C2 /* Main.storyboard */,
				9C3866711ECF4D93002CF5C2 /* Assets.xcassets */,
				9C3866731ECF4D93002CF5C2 /* LaunchScreen.storyboard */,
				9C3866761ECF4D93002CF5C2 /* Info.plist */,
			);
			path = SafariExtension;
			sourceTree = "<group>";
		};
		9C3866811ECF4E4F002CF5C2 /* Extension */ = {
			isa = PBXGroup;
			children = (
				9C3866821ECF4E4F002CF5C2 /* ActionViewController.swift */,
				9C3866841ECF4E4F002CF5C2 /* MainInterface.storyboard */,
				9C3866871ECF4E4F002CF5C2 /* Info.plist */,
			);
			path = Extension;
			sourceTree = "<group>";
		};
/* End PBXGroup section */

/* Begin PBXNativeTarget section */
		9C3866661ECF4D93002CF5C2 /* SafariExtension */ = {
			isa = PBXNativeTarget;
			buildConfigurationList = 9C3866791ECF4D93002CF5C2 /* Build configuration list for PBXNativeTarget "SafariExtension" */;
			buildPhases = (
				9C3866631ECF4D93002CF5C2 /* Sources */,
				9C3866641ECF4D93002CF5C2 /* Frameworks */,
				9C3866651ECF4D93002CF5C2 /* Resources */,
				9C38668E1ECF4E4F002CF5C2 /* Embed App Extensions */,
			);
			buildRules = (
			);
			dependencies = (
				9C3866891ECF4E4F002CF5C2 /* PBXTargetDependency */,
			);
			name = SafariExtension;
			productName = SafariExtension;
			productReference = 9C3866671ECF4D93002CF5C2 /* SafariExtension.app */;
			productType = "com.apple.product-type.application";
		};
		9C38667F1ECF4E4F002CF5C2 /* Extension */ = {
			isa = PBXNativeTarget;
			buildConfigurationList = 9C38668B1ECF4E4F002CF5C2 /* Build configuration list for PBXNativeTarget "Extension" */;
			buildPhases = (
				9C38667C1ECF4E4F002CF5C2 /* Sources */,
				9C38667D1ECF4E4F002CF5C2 /* Frameworks */,
				9C38667E1ECF4E4F002CF5C2 /* Resources */,
			);
			buildRules = (
			);
			dependencies = (
			);
			name = Extension;
			productName = Extension;
			productReference = 9C3866801ECF4E4F002CF5C2 /* Extension.appex */;
			productType = "com.apple.product-type.app-extension";
		};
/* End PBXNativeTarget section */

/* Begin PBXProject section */
		9C38665F1ECF4D93002CF5C2 /* Project object */ = {
			isa = PBXProject;
			attributes = {
				LastSwiftUpdateCheck = 0830;
				LastUpgradeCheck = 0830;
				ORGANIZATIONNAME = "Tom Holland";
				TargetAttributes = {
					9C3866661ECF4D93002CF5C2 = {
						CreatedOnToolsVersion = 8.3;
						DevelopmentTeam = KCKRD29NES;
						ProvisioningStyle = Automatic;
					};
					9C38667F1ECF4E4F002CF5C2 = {
						CreatedOnToolsVersion = 8.3;
						DevelopmentTeam = KCKRD29NES;
						ProvisioningStyle = Automatic;
					};
				};
			};
			buildConfigurationList = 9C3866621ECF4D93002CF5C2 /* Build configuration list for PBXProject "SafariExtension" */;
			compatibilityVersion = "Xcode 3.2";
			developmentRegion = English;
			hasScannedForEncodings = 0;
			knownRegions = (
				en,
				Base,
			);
			mainGroup = 9C38665E1ECF4D93002CF5C2;
			productRefGroup = 9C3866681ECF4D93002CF5C2 /* Products */;
			projectDirPath = "";
			projectRoot = "";
			targets = (
				9C3866661ECF4D93002CF5C2 /* SafariExtension */,
				9C38667F1ECF4E4F002CF5C2 /* Extension */,
			);
		};
/* End PBXProject section */

/* Begin PBXResourcesBuildPhase section */
		9C3866651ECF4D93002CF5C2 /* Resources */ = {
			isa = PBXResourcesBuildPhase;
			buildActionMask = 2147483647;
			files = (
				9C3866751ECF4D93002CF5C2 /* LaunchScreen.storyboard in Resources */,
				9C3866721ECF4D93002CF5C2 /* Assets.xcassets in Resources */,
				9C3866701ECF4D93002CF5C2 /* Main.storyboard in Resources */,
			);
			runOnlyForDeploymentPostprocessing = 0;
		};
		9C38667E1ECF4E4F002CF5C2 /* Resources */ = {
			isa = PBXResourcesBuildPhase;
			buildActionMask = 2147483647;
			files = (
				9C3866861ECF4E4F002CF5C2 /* MainInterface.storyboard in Resources */,
			);
			runOnlyForDeploymentPostprocessing = 0;
		};
/* End PBXResourcesBuildPhase section */

/* Begin PBXSourcesBuildPhase section */
		9C3866631ECF4D93002CF5C2 /* Sources */ = {
			isa = PBXSourcesBuildPhase;
			buildActionMask = 2147483647;
			files = (
				9C38666D1ECF4D93002CF5C2 /* ViewController.swift in Sources */,
				9C38666B1ECF4D93002CF5C2 /* AppDelegate.swift in Sources */,
			);
			runOnlyForDeploymentPostprocessing = 0;
		};
		9C38667C1ECF4E4F002CF5C2 /* Sources */ = {
			isa = PBXSourcesBuildPhase;
			buildActionMask = 2147483647;
			files = (
				9C3866831ECF4E4F002CF5C2 /* ActionViewController.swift in Sources */,
			);
			runOnlyForDeploymentPostprocessing = 0;
		};
/* End PBXSourcesBuildPhase section */

/* Begin PBXTargetDependency section */
		9C3866891ECF4E4F002CF5C2 /* PBXTargetDependency */ = {
			isa = PBXTargetDependency;
			target = 9C38667F1ECF4E4F002CF5C2 /* Extension */;
			targetProxy = 9C3866881ECF4E4F002CF5C2 /* PBXContainerItemProxy */;
		};
/* End PBXTargetDependency section */

/* Begin PBXVariantGroup section */
		9C38666E1ECF4D93002CF5C2 /* Main.storyboard */ = {
			isa = PBXVariantGroup;
			children = (
				9C38666F1ECF4D93002CF5C2 /* Base */,
			);
			name = Main.storyboard;
			sourceTree = "<group>";
		};
		9C3866731ECF4D93002CF5C2 /* LaunchScreen.storyboard */ = {
			isa = PBXVariantGroup;
			children = (
				9C3866741ECF4D93002CF5C2 /* Base */,
			);
			name = LaunchScreen.storyboard;
			sourceTree = "<group>";
		};
		9C3866841ECF4E4F002CF5C2 /* MainInterface.storyboard */ = {
			isa = PBXVariantGroup;
			children = (
				9C3866851ECF4E4F002CF5C2 /* Base */,
			);
			name = MainInterface.storyboard;
			sourceTree = "<group>";
		};
/* End PBXVariantGroup section */

/* Begin XCBuildConfiguration section */
		9C3866771ECF4D93002CF5C2 /* Debug */ = {
			isa = XCBuildConfiguration;
			buildSettings = {
				ALWAYS_SEARCH_USER_PATHS = NO;
				CLANG_ANALYZER_NONNULL = YES;
				CLANG_ANALYZER_NUMBER_OBJECT_CONVERSION = YES_AGGRESSIVE;
				CLANG_CXX_LANGUAGE_STANDARD = "gnu++0x";
				CLANG_CXX_LIBRARY = "libc++";
				CLANG_ENABLE_MODULES = YES;
				CLANG_ENABLE_OBJC_ARC = YES;
				CLANG_WARN_BOOL_CONVERSION = YES;
				CLANG_WARN_CONSTANT_CONVERSION = YES;
				CLANG_WARN_DIRECT_OBJC_ISA_USAGE = YES_ERROR;
				CLANG_WARN_DOCUMENTATION_COMMENTS = YES;
				CLANG_WARN_EMPTY_BODY = YES;
				CLANG_WARN_ENUM_CONVERSION = YES;
				CLANG_WARN_INFINITE_RECURSION = YES;
				CLANG_WARN_INT_CONVERSION = YES;
				CLANG_WARN_OBJC_ROOT_CLASS = YES_ERROR;
				CLANG_WARN_SUSPICIOUS_MOVE = YES;
				CLANG_WARN_UNREACHABLE_CODE = YES;
				CLANG_WARN__DUPLICATE_METHOD_MATCH = YES;
				"CODE_SIGN_IDENTITY[sdk=iphoneos*]" = "iPhone Developer";
				COPY_PHASE_STRIP = NO;
				DEBUG_INFORMATION_FORMAT = dwarf;
				ENABLE_STRICT_OBJC_MSGSEND = YES;
				ENABLE_TESTABILITY = YES;
				GCC_C_LANGUAGE_STANDARD = gnu99;
				GCC_DYNAMIC_NO_PIC = NO;
				GCC_NO_COMMON_BLOCKS = YES;
				GCC_OPTIMIZATION_LEVEL = 0;
				GCC_PREPROCESSOR_DEFINITIONS = (
					"DEBUG=1",
					"$(inherited)",
				);
				GCC_WARN_64_TO_32_BIT_CONVERSION = YES;
				GCC_WARN_ABOUT_RETURN_TYPE = YES_ERROR;
				GCC_WARN_UNDECLARED_SELECTOR = YES;
				GCC_WARN_UNINITIALIZED_AUTOS = YES_AGGRESSIVE;
				GCC_WARN_UNUSED_FUNCTION = YES;
				GCC_WARN_UNUSED_VARIABLE = YES;
				IPHONEOS_DEPLOYMENT_TARGET = 10.3;
				MTL_ENABLE_DEBUG_INFO = YES;
				ONLY_ACTIVE_ARCH = YES;
				SDKROOT = iphoneos;
				SWIFT_ACTIVE_COMPILATION_CONDITIONS = DEBUG;
				SWIFT_OPTIMIZATION_LEVEL = "-Onone";
			};
			name = Debug;
		};
		9C3866781ECF4D93002CF5C2 /* Release */ = {
			isa = XCBuildConfiguration;
			buildSettings = {
				ALWAYS_SEARCH_USER_PATHS = NO;
				CLANG_ANALYZER_NONNULL = YES;
				CLANG_ANALYZER_NUMBER_OBJECT_CONVERSION = YES_AGGRESSIVE;
				CLANG_CXX_LANGUAGE_STANDARD = "gnu++0x";
				CLANG_CXX_LIBRARY = "libc++";
				CLANG_ENABLE_MODULES = YES;
				CLANG_ENABLE_OBJC_ARC = YES;
				CLANG_WARN_BOOL_CONVERSION = YES;
				CLANG_WARN_CONSTANT_CONVERSION = YES;
				CLANG_WARN_DIRECT_OBJC_ISA_USAGE = YES_ERROR;
				CLANG_WARN_DOCUMENTATION_COMMENTS = YES;
				CLANG_WARN_EMPTY_BODY = YES;
				CLANG_WARN_ENUM_CONVERSION = YES;
				CLANG_WARN_INFINITE_RECURSION = YES;
				CLANG_WARN_INT_CONVERSION = YES;
				CLANG_WARN_OBJC_ROOT_CLASS = YES_ERROR;
				CLANG_WARN_SUSPICIOUS_MOVE = YES;
				CLANG_WARN_UNREACHABLE_CODE = YES;
				CLANG_WARN__DUPLICATE_METHOD_MATCH = YES;
				"CODE_SIGN_IDENTITY[sdk=iphoneos*]" = "iPhone Developer";
				COPY_PHASE_STRIP = NO;
				DEBUG_INFORMATION_FORMAT = "dwarf-with-dsym";
				ENABLE_NS_ASSERTIONS = NO;
				ENABLE_STRICT_OBJC_MSGSEND = YES;
				GCC_C_LANGUAGE_STANDARD = gnu99;
				GCC_NO_COMMON_BLOCKS = YES;
				GCC_WARN_64_TO_32_BIT_CONVERSION = YES;
				GCC_WARN_ABOUT_RETURN_TYPE = YES_ERROR;
				GCC_WARN_UNDECLARED_SELECTOR = YES;
				GCC_WARN_UNINITIALIZED_AUTOS = YES_AGGRESSIVE;
				GCC_WARN_UNUSED_FUNCTION = YES;
				GCC_WARN_UNUSED_VARIABLE = YES;
				IPHONEOS_DEPLOYMENT_TARGET = 10.3;
				MTL_ENABLE_DEBUG_INFO = NO;
				SDKROOT = iphoneos;
				SWIFT_OPTIMIZATION_LEVEL = "-Owholemodule";
				VALIDATE_PRODUCT = YES;
			};
			name = Release;
		};
		9C38667A1ECF4D93002CF5C2 /* Debug */ = {
			isa = XCBuildConfiguration;
			buildSettings = {
				ALWAYS_EMBED_SWIFT_STANDARD_LIBRARIES = YES;
				ASSETCATALOG_COMPILER_APPICON_NAME = AppIcon;
				DEVELOPMENT_TEAM = KCKRD29NES;
				INFOPLIST_FILE = SafariExtension/Info.plist;
				LD_RUNPATH_SEARCH_PATHS = "$(inherited) @executable_path/Frameworks";
				PRODUCT_BUNDLE_IDENTIFIER = com.atomicappworks.SafariExtension;
				PRODUCT_NAME = "$(TARGET_NAME)";
				SWIFT_VERSION = 3.0;
			};
			name = Debug;
		};
		9C38667B1ECF4D93002CF5C2 /* Release */ = {
			isa = XCBuildConfiguration;
			buildSettings = {
				ALWAYS_EMBED_SWIFT_STANDARD_LIBRARIES = YES;
				ASSETCATALOG_COMPILER_APPICON_NAME = AppIcon;
				DEVELOPMENT_TEAM = KCKRD29NES;
				INFOPLIST_FILE = SafariExtension/Info.plist;
				LD_RUNPATH_SEARCH_PATHS = "$(inherited) @executable_path/Frameworks";
				PRODUCT_BUNDLE_IDENTIFIER = com.atomicappworks.SafariExtension;
				PRODUCT_NAME = "$(TARGET_NAME)";
				SWIFT_VERSION = 3.0;
			};
			name = Release;
		};
		9C38668C1ECF4E4F002CF5C2 /* Debug */ = {
			isa = XCBuildConfiguration;
			buildSettings = {
				DEVELOPMENT_TEAM = KCKRD29NES;
				INFOPLIST_FILE = Extension/Info.plist;
				LD_RUNPATH_SEARCH_PATHS = "$(inherited) @executable_path/Frameworks @executable_path/../../Frameworks";
				PRODUCT_BUNDLE_IDENTIFIER = com.atomicappworks.SafariExtension.Extension;
				PRODUCT_NAME = "$(TARGET_NAME)";
				SKIP_INSTALL = YES;
				SWIFT_VERSION = 3.0;
			};
			name = Debug;
		};
		9C38668D1ECF4E4F002CF5C2 /* Release */ = {
			isa = XCBuildConfiguration;
			buildSettings = {
				DEVELOPMENT_TEAM = KCKRD29NES;
				INFOPLIST_FILE = Extension/Info.plist;
				LD_RUNPATH_SEARCH_PATHS = "$(inherited) @executable_path/Frameworks @executable_path/../../Frameworks";
				PRODUCT_BUNDLE_IDENTIFIER = com.atomicappworks.SafariExtension.Extension;
				PRODUCT_NAME = "$(TARGET_NAME)";
				SKIP_INSTALL = YES;
				SWIFT_VERSION = 3.0;
			};
			name = Release;
		};
/* End XCBuildConfiguration section */

/* Begin XCConfigurationList section */
		9C3866621ECF4D93002CF5C2 /* Build configuration list for PBXProject "SafariExtension" */ = {
			isa = XCConfigurationList;
			buildConfigurations = (
				9C3866771ECF4D93002CF5C2 /* Debug */,
				9C3866781ECF4D93002CF5C2 /* Release */,
			);
			defaultConfigurationIsVisible = 0;
			defaultConfigurationName = Release;
		};
		9C3866791ECF4D93002CF5C2 /* Build configuration list for PBXNativeTarget "SafariExtension" */ = {
			isa = XCConfigurationList;
			buildConfigurations = (
				9C38667A1ECF4D93002CF5C2 /* Debug */,
				9C38667B1ECF4D93002CF5C2 /* Release */,
			);
			defaultConfigurationIsVisible = 0;
		};
		9C38668B1ECF4E4F002CF5C2 /* Build configuration list for PBXNativeTarget "Extension" */ = {
			isa = XCConfigurationList;
			buildConfigurations = (
				9C38668C1ECF4E4F002CF5C2 /* Debug */,
				9C38668D1ECF4E4F002CF5C2 /* Release */,
			);
			defaultConfigurationIsVisible = 0;
		};
/* End XCConfigurationList section */
	};
	rootObject = 9C38665F1ECF4D93002CF5C2 /* Project object */;
}
