// !$*UTF8*$!
{
	archiveVersion = 1;
	classes = {
	};
	objectVersion = 46;
	objects = {

/* Begin PBXBuildFile section */
		9C6EDDB81ED8A0BF001F2437 /* AppDelegate.swift in Sources */ = {isa = PBXBuildFile; fileRef = 9C6EDDB71ED8A0BF001F2437 /* AppDelegate.swift */; };
		9C6EDDBA1ED8A0BF001F2437 /* ViewController.swift in Sources */ = {isa = PBXBuildFile; fileRef = 9C6EDDB91ED8A0BF001F2437 /* ViewController.swift */; };
		9C6EDDBD1ED8A0BF001F2437 /* Main.storyboard in Resources */ = {isa = PBXBuildFile; fileRef = 9C6EDDBB1ED8A0BF001F2437 /* Main.storyboard */; };
		9C6EDDBF1ED8A0BF001F2437 /* Assets.xcassets in Resources */ = {isa = PBXBuildFile; fileRef = 9C6EDDBE1ED8A0BF001F2437 /* Assets.xcassets */; };
		9C6EDDC21ED8A0BF001F2437 /* LaunchScreen.storyboard in Resources */ = {isa = PBXBuildFile; fileRef = 9C6EDDC01ED8A0BF001F2437 /* LaunchScreen.storyboard */; };
		9C6EDDCB1ED8A132001F2437 /* MapKit.framework in Frameworks */ = {isa = PBXBuildFile; fileRef = 9C6EDDCA1ED8A132001F2437 /* MapKit.framework */; };
		9C6EDDCD1ED8A20E001F2437 /* Capital.swift in Sources */ = {isa = PBXBuildFile; fileRef = 9C6EDDCC1ED8A20E001F2437 /* Capital.swift */; };
/* End PBXBuildFile section */

/* Begin PBXFileReference section */
		9C6EDDB41ED8A0BE001F2437 /* CapitalCities.app */ = {isa = PBXFileReference; explicitFileType = wrapper.application; includeInIndex = 0; path = CapitalCities.app; sourceTree = BUILT_PRODUCTS_DIR; };
		9C6EDDB71ED8A0BF001F2437 /* AppDelegate.swift */ = {isa = PBXFileReference; lastKnownFileType = sourcecode.swift; path = AppDelegate.swift; sourceTree = "<group>"; };
		9C6EDDB91ED8A0BF001F2437 /* ViewController.swift */ = {isa = PBXFileReference; lastKnownFileType = sourcecode.swift; path = ViewController.swift; sourceTree = "<group>"; };
		9C6EDDBC1ED8A0BF001F2437 /* Base */ = {isa = PBXFileReference; lastKnownFileType = file.storyboard; name = Base; path = Base.lproj/Main.storyboard; sourceTree = "<group>"; };
		9C6EDDBE1ED8A0BF001F2437 /* Assets.xcassets */ = {isa = PBXFileReference; lastKnownFileType = folder.assetcatalog; path = Assets.xcassets; sourceTree = "<group>"; };
		9C6EDDC11ED8A0BF001F2437 /* Base */ = {isa = PBXFileReference; lastKnownFileType = file.storyboard; name = Base; path = Base.lproj/LaunchScreen.storyboard; sourceTree = "<group>"; };
		9C6EDDC31ED8A0BF001F2437 /* Info.plist */ = {isa = PBXFileReference; lastKnownFileType = text.plist.xml; path = Info.plist; sourceTree = "<group>"; };
		9C6EDDCA1ED8A132001F2437 /* MapKit.framework */ = {isa = PBXFileReference; lastKnownFileType = wrapper.framework; name = MapKit.framework; path = System/Library/Frameworks/MapKit.framework; sourceTree = SDKROOT; };
		9C6EDDCC1ED8A20E001F2437 /* Capital.swift */ = {isa = PBXFileReference; fileEncoding = 4; lastKnownFileType = sourcecode.swift; path = Capital.swift; sourceTree = "<group>"; };
/* End PBXFileReference section */

/* Begin PBXFrameworksBuildPhase section */
		9C6EDDB11ED8A0BE001F2437 /* Frameworks */ = {
			isa = PBXFrameworksBuildPhase;
			buildActionMask = 2147483647;
			files = (
				9C6EDDCB1ED8A132001F2437 /* MapKit.framework in Frameworks */,
			);
			runOnlyForDeploymentPostprocessing = 0;
		};
/* End PBXFrameworksBuildPhase section */

/* Begin PBXGroup section */
		9C6EDDAB1ED8A0BE001F2437 = {
			isa = PBXGroup;
			children = (
				9C6EDDB61ED8A0BE001F2437 /* CapitalCities */,
				9C6EDDB51ED8A0BE001F2437 /* Products */,
				9C6EDDC91ED8A132001F2437 /* Frameworks */,
			);
			sourceTree = "<group>";
		};
		9C6EDDB51ED8A0BE001F2437 /* Products */ = {
			isa = PBXGroup;
			children = (
				9C6EDDB41ED8A0BE001F2437 /* CapitalCities.app */,
			);
			name = Products;
			sourceTree = "<group>";
		};
		9C6EDDB61ED8A0BE001F2437 /* CapitalCities */ = {
			isa = PBXGroup;
			children = (
				9C6EDDB71ED8A0BF001F2437 /* AppDelegate.swift */,
				9C6EDDB91ED8A0BF001F2437 /* ViewController.swift */,
				9C6EDDCC1ED8A20E001F2437 /* Capital.swift */,
				9C6EDDBB1ED8A0BF001F2437 /* Main.storyboard */,
				9C6EDDBE1ED8A0BF001F2437 /* Assets.xcassets */,
				9C6EDDC01ED8A0BF001F2437 /* LaunchScreen.storyboard */,
				9C6EDDC31ED8A0BF001F2437 /* Info.plist */,
			);
			path = CapitalCities;
			sourceTree = "<group>";
		};
		9C6EDDC91ED8A132001F2437 /* Frameworks */ = {
			isa = PBXGroup;
			children = (
				9C6EDDCA1ED8A132001F2437 /* MapKit.framework */,
			);
			name = Frameworks;
			sourceTree = "<group>";
		};
/* End PBXGroup section */

/* Begin PBXNativeTarget section */
		9C6EDDB31ED8A0BE001F2437 /* CapitalCities */ = {
			isa = PBXNativeTarget;
			buildConfigurationList = 9C6EDDC61ED8A0BF001F2437 /* Build configuration list for PBXNativeTarget "CapitalCities" */;
			buildPhases = (
				9C6EDDB01ED8A0BE001F2437 /* Sources */,
				9C6EDDB11ED8A0BE001F2437 /* Frameworks */,
				9C6EDDB21ED8A0BE001F2437 /* Resources */,
			);
			buildRules = (
			);
			dependencies = (
			);
			name = CapitalCities;
			productName = CapitalCities;
			productReference = 9C6EDDB41ED8A0BE001F2437 /* CapitalCities.app */;
			productType = "com.apple.product-type.application";
		};
/* End PBXNativeTarget section */

/* Begin PBXProject section */
		9C6EDDAC1ED8A0BE001F2437 /* Project object */ = {
			isa = PBXProject;
			attributes = {
				LastSwiftUpdateCheck = 0830;
				LastUpgradeCheck = 0830;
				ORGANIZATIONNAME = "Tom Holland";
				TargetAttributes = {
					9C6EDDB31ED8A0BE001F2437 = {
						CreatedOnToolsVersion = 8.3;
						DevelopmentTeam = KCKRD29NES;
						ProvisioningStyle = Automatic;
						SystemCapabilities = {
							com.apple.Maps.iOS = {
								enabled = 1;
							};
						};
					};
				};
			};
			buildConfigurationList = 9C6EDDAF1ED8A0BE001F2437 /* Build configuration list for PBXProject "CapitalCities" */;
			compatibilityVersion = "Xcode 3.2";
			developmentRegion = English;
			hasScannedForEncodings = 0;
			knownRegions = (
				en,
				Base,
			);
			mainGroup = 9C6EDDAB1ED8A0BE001F2437;
			productRefGroup = 9C6EDDB51ED8A0BE001F2437 /* Products */;
			projectDirPath = "";
			projectRoot = "";
			targets = (
				9C6EDDB31ED8A0BE001F2437 /* CapitalCities */,
			);
		};
/* End PBXProject section */

/* Begin PBXResourcesBuildPhase section */
		9C6EDDB21ED8A0BE001F2437 /* Resources */ = {
			isa = PBXResourcesBuildPhase;
			buildActionMask = 2147483647;
			files = (
				9C6EDDC21ED8A0BF001F2437 /* LaunchScreen.storyboard in Resources */,
				9C6EDDBF1ED8A0BF001F2437 /* Assets.xcassets in Resources */,
				9C6EDDBD1ED8A0BF001F2437 /* Main.storyboard in Resources */,
			);
			runOnlyForDeploymentPostprocessing = 0;
		};
/* End PBXResourcesBuildPhase section */

/* Begin PBXSourcesBuildPhase section */
		9C6EDDB01ED8A0BE001F2437 /* Sources */ = {
			isa = PBXSourcesBuildPhase;
			buildActionMask = 2147483647;
			files = (
				9C6EDDBA1ED8A0BF001F2437 /* ViewController.swift in Sources */,
				9C6EDDB81ED8A0BF001F2437 /* AppDelegate.swift in Sources */,
				9C6EDDCD1ED8A20E001F2437 /* Capital.swift in Sources */,
			);
			runOnlyForDeploymentPostprocessing = 0;
		};
/* End PBXSourcesBuildPhase section */

/* Begin PBXVariantGroup section */
		9C6EDDBB1ED8A0BF001F2437 /* Main.storyboard */ = {
			isa = PBXVariantGroup;
			children = (
				9C6EDDBC1ED8A0BF001F2437 /* Base */,
			);
			name = Main.storyboard;
			sourceTree = "<group>";
		};
		9C6EDDC01ED8A0BF001F2437 /* LaunchScreen.storyboard */ = {
			isa = PBXVariantGroup;
			children = (
				9C6EDDC11ED8A0BF001F2437 /* Base */,
			);
			name = LaunchScreen.storyboard;
			sourceTree = "<group>";
		};
/* End PBXVariantGroup section */

/* Begin XCBuildConfiguration section */
		9C6EDDC41ED8A0BF001F2437 /* Debug */ = {
			isa = XCBuildConfiguration;
			buildSettings = {
				ALWAYS_SEARCH_USER_PATHS = NO;
				CLANG_ANALYZER_NONNULL = YES;
				CLANG_ANALYZER_NUMBER_OBJECT_CONVERSION = YES_AGGRESSIVE;
				CLANG_CXX_LANGUAGE_STANDARD = "gnu++0x";
				CLANG_CXX_LIBRARY = "libc++";
				CLANG_ENABLE_MODULES = YES;
				CLANG_ENABLE_OBJC_ARC = YES;
				CLANG_WARN_BOOL_CONVERSION = YES;
				CLANG_WARN_CONSTANT_CONVERSION = YES;
				CLANG_WARN_DIRECT_OBJC_ISA_USAGE = YES_ERROR;
				CLANG_WARN_DOCUMENTATION_COMMENTS = YES;
				CLANG_WARN_EMPTY_BODY = YES;
				CLANG_WARN_ENUM_CONVERSION = YES;
				CLANG_WARN_INFINITE_RECURSION = YES;
				CLANG_WARN_INT_CONVERSION = YES;
				CLANG_WARN_OBJC_ROOT_CLASS = YES_ERROR;
				CLANG_WARN_SUSPICIOUS_MOVE = YES;
				CLANG_WARN_UNREACHABLE_CODE = YES;
				CLANG_WARN__DUPLICATE_METHOD_MATCH = YES;
				"CODE_SIGN_IDENTITY[sdk=iphoneos*]" = "iPhone Developer";
				COPY_PHASE_STRIP = NO;
				DEBUG_INFORMATION_FORMAT = dwarf;
				ENABLE_STRICT_OBJC_MSGSEND = YES;
				ENABLE_TESTABILITY = YES;
				GCC_C_LANGUAGE_STANDARD = gnu99;
				GCC_DYNAMIC_NO_PIC = NO;
				GCC_NO_COMMON_BLOCKS = YES;
				GCC_OPTIMIZATION_LEVEL = 0;
				GCC_PREPROCESSOR_DEFINITIONS = (
					"DEBUG=1",
					"$(inherited)",
				);
				GCC_WARN_64_TO_32_BIT_CONVERSION = YES;
				GCC_WARN_ABOUT_RETURN_TYPE = YES_ERROR;
				GCC_WARN_UNDECLARED_SELECTOR = YES;
				GCC_WARN_UNINITIALIZED_AUTOS = YES_AGGRESSIVE;
				GCC_WARN_UNUSED_FUNCTION = YES;
				GCC_WARN_UNUSED_VARIABLE = YES;
				IPHONEOS_DEPLOYMENT_TARGET = 10.3;
				MTL_ENABLE_DEBUG_INFO = YES;
				ONLY_ACTIVE_ARCH = YES;
				SDKROOT = iphoneos;
				SWIFT_ACTIVE_COMPILATION_CONDITIONS = DEBUG;
				SWIFT_OPTIMIZATION_LEVEL = "-Onone";
			};
			name = Debug;
		};
		9C6EDDC51ED8A0BF001F2437 /* Release */ = {
			isa = XCBuildConfiguration;
			buildSettings = {
				ALWAYS_SEARCH_USER_PATHS = NO;
				CLANG_ANALYZER_NONNULL = YES;
				CLANG_ANALYZER_NUMBER_OBJECT_CONVERSION = YES_AGGRESSIVE;
				CLANG_CXX_LANGUAGE_STANDARD = "gnu++0x";
				CLANG_CXX_LIBRARY = "libc++";
				CLANG_ENABLE_MODULES = YES;
				CLANG_ENABLE_OBJC_ARC = YES;
				CLANG_WARN_BOOL_CONVERSION = YES;
				CLANG_WARN_CONSTANT_CONVERSION = YES;
				CLANG_WARN_DIRECT_OBJC_ISA_USAGE = YES_ERROR;
				CLANG_WARN_DOCUMENTATION_COMMENTS = YES;
				CLANG_WARN_EMPTY_BODY = YES;
				CLANG_WARN_ENUM_CONVERSION = YES;
				CLANG_WARN_INFINITE_RECURSION = YES;
				CLANG_WARN_INT_CONVERSION = YES;
				CLANG_WARN_OBJC_ROOT_CLASS = YES_ERROR;
				CLANG_WARN_SUSPICIOUS_MOVE = YES;
				CLANG_WARN_UNREACHABLE_CODE = YES;
				CLANG_WARN__DUPLICATE_METHOD_MATCH = YES;
				"CODE_SIGN_IDENTITY[sdk=iphoneos*]" = "iPhone Developer";
				COPY_PHASE_STRIP = NO;
				DEBUG_INFORMATION_FORMAT = "dwarf-with-dsym";
				ENABLE_NS_ASSERTIONS = NO;
				ENABLE_STRICT_OBJC_MSGSEND = YES;
				GCC_C_LANGUAGE_STANDARD = gnu99;
				GCC_NO_COMMON_BLOCKS = YES;
				GCC_WARN_64_TO_32_BIT_CONVERSION = YES;
				GCC_WARN_ABOUT_RETURN_TYPE = YES_ERROR;
				GCC_WARN_UNDECLARED_SELECTOR = YES;
				GCC_WARN_UNINITIALIZED_AUTOS = YES_AGGRESSIVE;
				GCC_WARN_UNUSED_FUNCTION = YES;
				GCC_WARN_UNUSED_VARIABLE = YES;
				IPHONEOS_DEPLOYMENT_TARGET = 10.3;
				MTL_ENABLE_DEBUG_INFO = NO;
				SDKROOT = iphoneos;
				SWIFT_OPTIMIZATION_LEVEL = "-Owholemodule";
				VALIDATE_PRODUCT = YES;
			};
			name = Release;
		};
		9C6EDDC71ED8A0BF001F2437 /* Debug */ = {
			isa = XCBuildConfiguration;
			buildSettings = {
				ASSETCATALOG_COMPILER_APPICON_NAME = AppIcon;
				DEVELOPMENT_TEAM = KCKRD29NES;
				INFOPLIST_FILE = CapitalCities/Info.plist;
				LD_RUNPATH_SEARCH_PATHS = "$(inherited) @executable_path/Frameworks";
				PRODUCT_BUNDLE_IDENTIFIER = com.atomicappworks.CapitalCities;
				PRODUCT_NAME = "$(TARGET_NAME)";
				SWIFT_VERSION = 3.0;
			};
			name = Debug;
		};
		9C6EDDC81ED8A0BF001F2437 /* Release */ = {
			isa = XCBuildConfiguration;
			buildSettings = {
				ASSETCATALOG_COMPILER_APPICON_NAME = AppIcon;
				DEVELOPMENT_TEAM = KCKRD29NES;
				INFOPLIST_FILE = CapitalCities/Info.plist;
				LD_RUNPATH_SEARCH_PATHS = "$(inherited) @executable_path/Frameworks";
				PRODUCT_BUNDLE_IDENTIFIER = com.atomicappworks.CapitalCities;
				PRODUCT_NAME = "$(TARGET_NAME)";
				SWIFT_VERSION = 3.0;
			};
			name = Release;
		};
/* End XCBuildConfiguration section */

/* Begin XCConfigurationList section */
		9C6EDDAF1ED8A0BE001F2437 /* Build configuration list for PBXProject "CapitalCities" */ = {
			isa = XCConfigurationList;
			buildConfigurations = (
				9C6EDDC41ED8A0BF001F2437 /* Debug */,
				9C6EDDC51ED8A0BF001F2437 /* Release */,
			);
			defaultConfigurationIsVisible = 0;
			defaultConfigurationName = Release;
		};
		9C6EDDC61ED8A0BF001F2437 /* Build configuration list for PBXNativeTarget "CapitalCities" */ = {
			isa = XCConfigurationList;
			buildConfigurations = (
				9C6EDDC71ED8A0BF001F2437 /* Debug */,
				9C6EDDC81ED8A0BF001F2437 /* Release */,
			);
			defaultConfigurationIsVisible = 0;
		};
/* End XCConfigurationList section */
	};
	rootObject = 9C6EDDAC1ED8A0BE001F2437 /* Project object */;
}
